<?xml version="1.0" encoding="utf-8"?>
<Project ToolsVersion="4.0" xmlns="http://schemas.microsoft.com/developer/msbuild/2003">
  <ItemGroup>
    <ClCompile Include="D3DBase.cpp">
      <Filter>Base App</Filter>
    </ClCompile>
    <ClCompile Include="D3DApp.cpp">
      <Filter>Source Files</Filter>
    </ClCompile>
    <ClCompile Include="GeometryFactory.cpp">
      <Filter>Source Files\Geometry</Filter>
    </ClCompile>
    <ClCompile Include="Camera.cpp">
      <Filter>Source Files\Camera</Filter>
    </ClCompile>
    <ClCompile Include="XTime.cpp">
      <Filter>Source Files\Utils</Filter>
    </ClCompile>
    <ClCompile Include="DDSTextureLoader.cpp">
      <Filter>Source Files\Utils</Filter>
    </ClCompile>
  </ItemGroup>
  <ItemGroup>
    <ClInclude Include="D3DBase.h">
      <Filter>Base App</Filter>
    </ClInclude>
    <ClInclude Include="GeometryFactory.h">
      <Filter>Source Files\Geometry</Filter>
    </ClInclude>
    <ClInclude Include="Camera.h">
      <Filter>Source Files\Camera</Filter>
    </ClInclude>
    <ClInclude Include="D3DApp.h">
      <Filter>Source Files</Filter>
    </ClInclude>
    <ClInclude Include="CBRefs.h">
      <Filter>Source Files\Constant Buffers</Filter>
    </ClInclude>
    <ClInclude Include="CBPerObj.h">
      <Filter>Source Files\Constant Buffers</Filter>
    </ClInclude>
    <ClInclude Include="ConstantBuffer.h">
      <Filter>Source Files\Constant Buffers</Filter>
    </ClInclude>
    <ClInclude Include="ShaderRefs.h">
      <Filter>Source Files\Shaders</Filter>
    </ClInclude>
    <ClInclude Include="XTime.h">
      <Filter>Source Files\Utils</Filter>
    </ClInclude>
    <ClInclude Include="D3DUtils.h">
      <Filter>Base App</Filter>
    </ClInclude>
    <ClInclude Include="VertexRefs.h">
      <Filter>Source Files\Geometry</Filter>
    </ClInclude>
    <ClInclude Include="DDSTextureLoader.h">
      <Filter>Source Files\Utils</Filter>
    </ClInclude>
    <ClInclude Include="CBLightInfo.h">
      <Filter>Source Files\Constant Buffers</Filter>
    </ClInclude>
    <ClInclude Include="CBMiscInfo.h">
      <Filter>Source Files\Constant Buffers</Filter>
    </ClInclude>
    <ClInclude Include="InstanceRefs.h">
      <Filter>Source Files\Instancing</Filter>
    </ClInclude>
  </ItemGroup>
  <ItemGroup>
    <Filter Include="Source Files">
      <UniqueIdentifier>{9a4da072-4f44-4362-95bd-e96876c7455c}</UniqueIdentifier>
    </Filter>
    <Filter Include="Base App">
      <UniqueIdentifier>{d323c779-7682-4ea5-a8c9-30af7b39bcb0}</UniqueIdentifier>
    </Filter>
    <Filter Include="Source Files\Geometry">
      <UniqueIdentifier>{1866d027-9a00-4a8c-b488-e498a199d777}</UniqueIdentifier>
    </Filter>
    <Filter Include="Source Files\Shaders">
      <UniqueIdentifier>{b6645a74-aee0-4ce8-9a4b-ce4cb35eb464}</UniqueIdentifier>
    </Filter>
    <Filter Include="Source Files\Shaders\HLSL Source">
      <UniqueIdentifier>{72791cfe-be6c-4abe-bd3b-ebbd6d27357e}</UniqueIdentifier>
    </Filter>
    <Filter Include="Source Files\Shaders\Compiled ByteCode">
      <UniqueIdentifier>{ac95cf2c-c4f2-4797-81e0-e2c2364eaaed}</UniqueIdentifier>
    </Filter>
    <Filter Include="Source Files\Camera">
      <UniqueIdentifier>{fd3fde4c-d88d-46e4-8d4a-6d97fb8e6464}</UniqueIdentifier>
    </Filter>
    <Filter Include="Source Files\Utils">
      <UniqueIdentifier>{f87ed3c8-3702-46e8-a001-3f37ca985113}</UniqueIdentifier>
    </Filter>
    <Filter Include="Source Files\Constant Buffers">
      <UniqueIdentifier>{f6d49ed8-b8ed-46a4-8a21-749e10c16c0d}</UniqueIdentifier>
    </Filter>
    <Filter Include="Source Files\Instancing">
      <UniqueIdentifier>{caf12eff-32ab-42f5-9b03-29d225b683e4}</UniqueIdentifier>
    </Filter>
    <Filter Include="Source Files\Shaders\HLSL Source\PostProcessEffects">
      <UniqueIdentifier>{dda4abea-d109-4854-8b2d-09b6df0e5b96}</UniqueIdentifier>
    </Filter>
  </ItemGroup>
  <ItemGroup>
    <FxCompile Include="BasicPixelShader.hlsl">
      <Filter>Source Files\Shaders\HLSL Source</Filter>
    </FxCompile>
    <FxCompile Include="BasicVertexShader.hlsl">
      <Filter>Source Files\Shaders\HLSL Source</Filter>
    </FxCompile>
    <FxCompile Include="SkyBoxPixelShader.hlsl">
      <Filter>Source Files\Shaders\HLSL Source</Filter>
    </FxCompile>
    <FxCompile Include="SkyBoxVertexShader.hlsl">
      <Filter>Source Files\Shaders\HLSL Source</Filter>
    </FxCompile>
    <FxCompile Include="TextureLightingVS.hlsl">
      <Filter>Source Files\Shaders\HLSL Source</Filter>
    </FxCompile>
    <FxCompile Include="TextureLightingPS.hlsl">
      <Filter>Source Files\Shaders\HLSL Source</Filter>
    </FxCompile>
    <FxCompile Include="BillBoardGS.hlsl">
      <Filter>Source Files\Shaders\HLSL Source</Filter>
    </FxCompile>
    <FxCompile Include="BillBoardVS.hlsl">
      <Filter>Source Files\Shaders\HLSL Source</Filter>
    </FxCompile>
    <FxCompile Include="BillBoardPS.hlsl">
      <Filter>Source Files\Shaders\HLSL Source</Filter>
    </FxCompile>
    <FxCompile Include="InstanceVS.hlsl">
      <Filter>Source Files\Shaders\HLSL Source</Filter>
    </FxCompile>
    <FxCompile Include="InstancePS.hlsl">
      <Filter>Source Files\Shaders\HLSL Source</Filter>
    </FxCompile>
    <FxCompile Include="RenderTextureVS.hlsl">
      <Filter>Source Files\Shaders\HLSL Source</Filter>
    </FxCompile>
    <FxCompile Include="RenderTexturePS.hlsl">
      <Filter>Source Files\Shaders\HLSL Source</Filter>
    </FxCompile>
    <FxCompile Include="GrayScaleFilter.hlsl">
      <Filter>Source Files\Shaders\HLSL Source\PostProcessEffects</Filter>
    </FxCompile>
    <FxCompile Include="SepiaFilter.hlsl">
      <Filter>Source Files\Shaders\HLSL Source\PostProcessEffects</Filter>
    </FxCompile>
    <FxCompile Include="InverseFilter.hlsl">
      <Filter>Source Files\Shaders\HLSL Source\PostProcessEffects</Filter>
    </FxCompile>
    <FxCompile Include="BlurFilter.hlsl">
      <Filter>Source Files\Shaders\HLSL Source\PostProcessEffects</Filter>
    </FxCompile>
  </ItemGroup>
  <ItemGroup>
    <None Include="BasicPixelShader.csh">
      <Filter>Source Files\Shaders\Compiled ByteCode</Filter>
    </None>
    <None Include="BasicVertexShader.csh">
      <Filter>Source Files\Shaders\Compiled ByteCode</Filter>
    </None>
    <None Include="SkyBoxPixelShader.csh">
      <Filter>Source Files\Shaders\Compiled ByteCode</Filter>
    </None>
    <None Include="SkyBoxVertexShader.csh">
      <Filter>Source Files\Shaders\Compiled ByteCode</Filter>
    </None>
    <None Include="TextureLightingPS.csh">
      <Filter>Source Files\Shaders\Compiled ByteCode</Filter>
    </None>
    <None Include="TextureLightingVS.csh">
      <Filter>Source Files\Shaders\Compiled ByteCode</Filter>
    </None>
    <None Include="BillBoardGS.csh">
      <Filter>Source Files\Shaders\Compiled ByteCode</Filter>
    </None>
    <None Include="BillBoardPS.csh">
      <Filter>Source Files\Shaders\Compiled ByteCode</Filter>
    </None>
    <None Include="BillBoardVS.csh">
      <Filter>Source Files\Shaders\Compiled ByteCode</Filter>
    </None>
    <None Include="InstanceVS.csh">
      <Filter>Source Files\Shaders\Compiled ByteCode</Filter>
    </None>
    <None Include="InstancePS.csh">
      <Filter>Source Files\Shaders\Compiled ByteCode</Filter>
    </None>
    <None Include="RenderTexturePS.csh">
      <Filter>Source Files\Shaders\Compiled ByteCode</Filter>
    </None>
    <None Include="RenderTextureVS.csh">
      <Filter>Source Files\Shaders\Compiled ByteCode</Filter>
    </None>
    <None Include="GrayScaleFilter.csh">
      <Filter>Source Files\Shaders\Compiled ByteCode</Filter>
    </None>
    <None Include="SepiaFilter.csh">
      <Filter>Source Files\Shaders\Compiled ByteCode</Filter>
    </None>
    <None Include="InverseFilter.csh">
      <Filter>Source Files\Shaders\Compiled ByteCode</Filter>
    </None>
    <None Include="BlurFilter.csh">
      <Filter>Source Files\Shaders\Compiled ByteCode</Filter>
    </None>
  </ItemGroup>
</Project>